
Microsoft Visual Studio Solution File, Format Version 12.00
# Visual Studio Version 17
VisualStudioVersion = 17.8.34112.27
MinimumVisualStudioVersion = 10.0.40219.1
Project("{FAE04EC0-301F-11D3-BF4B-00C04F79EFBC}") = "LinqClass_Exemple_1", "LinqClass\LinqClass_Exemple_1.csproj", "{E78907CD-842A-44A6-B9C4-5BEDF73D6A20}"
EndProject
Project("{FAE04EC0-301F-11D3-BF4B-00C04F79EFBC}") = "LinqClass_Example_2", "LinqClass_Example_2\LinqClass_Example_2.csproj", "{D93234CB-8217-4623-835D-8AB95DE690E5}"
EndProject
Project("{FAE04EC0-301F-11D3-BF4B-00C04F79EFBC}") = "LinqClass_Example_3", "LinqClass_Example_3\LinqClass_Example_3.csproj", "{AE5F1A44-C491-47B8-9D24-58FF3F7DAB06}"
EndProject
Project("{FAE04EC0-301F-11D3-BF4B-00C04F79EFBC}") = "LinqClass_Exemple_4", "LinqClass_Exemple_4\LinqClass_Exemple_4.csproj", "{61FBE0A7-D7CF-44C0-8F8F-FC0BE4166ABA}"
EndProject
Project("{FAE04EC0-301F-11D3-BF4B-00C04F79EFBC}") = "LinqClass_Exemple_5", "LinqClass_Exemple_5\LinqClass_Exemple_5.csproj", "{FD3B0DE1-B1F0-4377-8D18-093CB6E70297}"
EndProject
Global
	GlobalSection(SolutionConfigurationPlatforms) = preSolution
		Debug|Any CPU = Debug|Any CPU
		Release|Any CPU = Release|Any CPU
	EndGlobalSection
	GlobalSection(ProjectConfigurationPlatforms) = postSolution
		{E78907CD-842A-44A6-B9C4-5BEDF73D6A20}.Debug|Any CPU.ActiveCfg = Debug|Any CPU
		{E78907CD-842A-44A6-B9C4-5BEDF73D6A20}.Debug|Any CPU.Build.0 = Debug|Any CPU
		{E78907CD-842A-44A6-B9C4-5BEDF73D6A20}.Release|Any CPU.ActiveCfg = Release|Any CPU
		{E78907CD-842A-44A6-B9C4-5BEDF73D6A20}.Release|Any CPU.Build.0 = Release|Any CPU
		{D93234CB-8217-4623-835D-8AB95DE690E5}.Debug|Any CPU.ActiveCfg = Debug|Any CPU
		{D93234CB-8217-4623-835D-8AB95DE690E5}.Debug|Any CPU.Build.0 = Debug|Any CPU
		{D93234CB-8217-4623-835D-8AB95DE690E5}.Release|Any CPU.ActiveCfg = Release|Any CPU
		{D93234CB-8217-4623-835D-8AB95DE690E5}.Release|Any CPU.Build.0 = Release|Any CPU
		{AE5F1A44-C491-47B8-9D24-58FF3F7DAB06}.Debug|Any CPU.ActiveCfg = Debug|Any CPU
		{AE5F1A44-C491-47B8-9D24-58FF3F7DAB06}.Debug|Any CPU.Build.0 = Debug|Any CPU
		{AE5F1A44-C491-47B8-9D24-58FF3F7DAB06}.Release|Any CPU.ActiveCfg = Release|Any CPU
		{AE5F1A44-C491-47B8-9D24-58FF3F7DAB06}.Release|Any CPU.Build.0 = Release|Any CPU
		{61FBE0A7-D7CF-44C0-8F8F-FC0BE4166ABA}.Debug|Any CPU.ActiveCfg = Debug|Any CPU
		{61FBE0A7-D7CF-44C0-8F8F-FC0BE4166ABA}.Debug|Any CPU.Build.0 = Debug|Any CPU
		{61FBE0A7-D7CF-44C0-8F8F-FC0BE4166ABA}.Release|Any CPU.ActiveCfg = Release|Any CPU
		{61FBE0A7-D7CF-44C0-8F8F-FC0BE4166ABA}.Release|Any CPU.Build.0 = Release|Any CPU
		{FD3B0DE1-B1F0-4377-8D18-093CB6E70297}.Debug|Any CPU.ActiveCfg = Debug|Any CPU
		{FD3B0DE1-B1F0-4377-8D18-093CB6E70297}.Debug|Any CPU.Build.0 = Debug|Any CPU
		{FD3B0DE1-B1F0-4377-8D18-093CB6E70297}.Release|Any CPU.ActiveCfg = Release|Any CPU
		{FD3B0DE1-B1F0-4377-8D18-093CB6E70297}.Release|Any CPU.Build.0 = Release|Any CPU
	EndGlobalSection
	GlobalSection(SolutionProperties) = preSolution
		HideSolutionNode = FALSE
	EndGlobalSection
	GlobalSection(ExtensibilityGlobals) = postSolution
		SolutionGuid = {F4FCF52B-19B4-4298-9F89-37ADCF6CEB81}
	EndGlobalSection
EndGlobal
